// !$*UTF8*$!
{
	archiveVersion = 1;
	classes = {
	};
	objectVersion = 77;
	objects = {

/* Begin PBXContainerItemProxy section */
		D61CF20C2E9651E90079595D /* PBXContainerItemProxy */ = {
			isa = PBXContainerItemProxy;
			containerPortal = D61CF1F62E9651E60079595D /* Project object */;
			proxyType = 1;
			remoteGlobalIDString = D61CF1FD2E9651E60079595D;
			remoteInfo = SwiftUINavigationPathUpdate;
		};
		D61CF2162E9651E90079595D /* PBXContainerItemProxy */ = {
			isa = PBXContainerItemProxy;
			containerPortal = D61CF1F62E9651E60079595D /* Project object */;
			proxyType = 1;
			remoteGlobalIDString = D61CF1FD2E9651E60079595D;
			remoteInfo = SwiftUINavigationPathUpdate;
		};
/* End PBXContainerItemProxy section */

/* Begin PBXFileReference section */
		D61CF1FE2E9651E60079595D /* SwiftUINavigationPathUpdate.app */ = {isa = PBXFileReference; explicitFileType = wrapper.application; includeInIndex = 0; path = SwiftUINavigationPathUpdate.app; sourceTree = BUILT_PRODUCTS_DIR; };
		D61CF20B2E9651E90079595D /* SwiftUINavigationPathUpdateTests.xctest */ = {isa = PBXFileReference; explicitFileType = wrapper.cfbundle; includeInIndex = 0; path = SwiftUINavigationPathUpdateTests.xctest; sourceTree = BUILT_PRODUCTS_DIR; };
		D61CF2152E9651E90079595D /* SwiftUINavigationPathUpdateUITests.xctest */ = {isa = PBXFileReference; explicitFileType = wrapper.cfbundle; includeInIndex = 0; path = SwiftUINavigationPathUpdateUITests.xctest; sourceTree = BUILT_PRODUCTS_DIR; };
/* End PBXFileReference section */

/* Begin PBXFileSystemSynchronizedRootGroup section */
		D61CF2002E9651E60079595D /* SwiftUINavigationPathUpdate */ = {
			isa = PBXFileSystemSynchronizedRootGroup;
			path = SwiftUINavigationPathUpdate;
			sourceTree = "<group>";
		};
		D61CF20E2E9651E90079595D /* SwiftUINavigationPathUpdateTests */ = {
			isa = PBXFileSystemSynchronizedRootGroup;
			path = SwiftUINavigationPathUpdateTests;
			sourceTree = "<group>";
		};
		D61CF2182E9651E90079595D /* SwiftUINavigationPathUpdateUITests */ = {
			isa = PBXFileSystemSynchronizedRootGroup;
			path = SwiftUINavigationPathUpdateUITests;
			sourceTree = "<group>";
		};
/* End PBXFileSystemSynchronizedRootGroup section */

/* Begin PBXFrameworksBuildPhase section */
		D61CF1FB2E9651E60079595D /* Frameworks */ = {
			isa = PBXFrameworksBuildPhase;
			buildActionMask = 2147483647;
			files = (
			);
			runOnlyForDeploymentPostprocessing = 0;
		};
		D61CF2082E9651E90079595D /* Frameworks */ = {
			isa = PBXFrameworksBuildPhase;
			buildActionMask = 2147483647;
			files = (
			);
			runOnlyForDeploymentPostprocessing = 0;
		};
		D61CF2122E9651E90079595D /* Frameworks */ = {
			isa = PBXFrameworksBuildPhase;
			buildActionMask = 2147483647;
			files = (
			);
			runOnlyForDeploymentPostprocessing = 0;
		};
/* End PBXFrameworksBuildPhase section */

/* Begin PBXGroup section */
		D61CF1F52E9651E60079595D = {
			isa = PBXGroup;
			children = (
				D61CF2002E9651E60079595D /* SwiftUINavigationPathUpdate */,
				D61CF20E2E9651E90079595D /* SwiftUINavigationPathUpdateTests */,
				D61CF2182E9651E90079595D /* SwiftUINavigationPathUpdateUITests */,
				D61CF1FF2E9651E60079595D /* Products */,
			);
			sourceTree = "<group>";
		};
		D61CF1FF2E9651E60079595D /* Products */ = {
			isa = PBXGroup;
			children = (
				D61CF1FE2E9651E60079595D /* SwiftUINavigationPathUpdate.app */,
				D61CF20B2E9651E90079595D /* SwiftUINavigationPathUpdateTests.xctest */,
				D61CF2152E9651E90079595D /* SwiftUINavigationPathUpdateUITests.xctest */,
			);
			name = Products;
			sourceTree = "<group>";
		};
/* End PBXGroup section */

/* Begin PBXNativeTarget section */
		D61CF1FD2E9651E60079595D /* SwiftUINavigationPathUpdate */ = {
			isa = PBXNativeTarget;
			buildConfigurationList = D61CF21F2E9651E90079595D /* Build configuration list for PBXNativeTarget "SwiftUINavigationPathUpdate" */;
			buildPhases = (
				D61CF1FA2E9651E60079595D /* Sources */,
				D61CF1FB2E9651E60079595D /* Frameworks */,
				D61CF1FC2E9651E60079595D /* Resources */,
			);
			buildRules = (
			);
			dependencies = (
			);
			fileSystemSynchronizedGroups = (
				D61CF2002E9651E60079595D /* SwiftUINavigationPathUpdate */,
			);
			name = SwiftUINavigationPathUpdate;
			packageProductDependencies = (
			);
			productName = SwiftUINavigationPathUpdate;
			productReference = D61CF1FE2E9651E60079595D /* SwiftUINavigationPathUpdate.app */;
			productType = "com.apple.product-type.application";
		};
		D61CF20A2E9651E90079595D /* SwiftUINavigationPathUpdateTests */ = {
			isa = PBXNativeTarget;
			buildConfigurationList = D61CF2222E9651E90079595D /* Build configuration list for PBXNativeTarget "SwiftUINavigationPathUpdateTests" */;
			buildPhases = (
				D61CF2072E9651E90079595D /* Sources */,
				D61CF2082E9651E90079595D /* Frameworks */,
				D61CF2092E9651E90079595D /* Resources */,
			);
			buildRules = (
			);
			dependencies = (
				D61CF20D2E9651E90079595D /* PBXTargetDependency */,
			);
			fileSystemSynchronizedGroups = (
				D61CF20E2E9651E90079595D /* SwiftUINavigationPathUpdateTests */,
			);
			name = SwiftUINavigationPathUpdateTests;
			packageProductDependencies = (
			);
			productName = SwiftUINavigationPathUpdateTests;
			productReference = D61CF20B2E9651E90079595D /* SwiftUINavigationPathUpdateTests.xctest */;
			productType = "com.apple.product-type.bundle.unit-test";
		};
		D61CF2142E9651E90079595D /* SwiftUINavigationPathUpdateUITests */ = {
			isa = PBXNativeTarget;
			buildConfigurationList = D61CF2252E9651E90079595D /* Build configuration list for PBXNativeTarget "SwiftUINavigationPathUpdateUITests" */;
			buildPhases = (
				D61CF2112E9651E90079595D /* Sources */,
				D61CF2122E9651E90079595D /* Frameworks */,
				D61CF2132E9651E90079595D /* Resources */,
			);
			buildRules = (
			);
			dependencies = (
				D61CF2172E9651E90079595D /* PBXTargetDependency */,
			);
			fileSystemSynchronizedGroups = (
				D61CF2182E9651E90079595D /* SwiftUINavigationPathUpdateUITests */,
			);
			name = SwiftUINavigationPathUpdateUITests;
			packageProductDependencies = (
			);
			productName = SwiftUINavigationPathUpdateUITests;
			productReference = D61CF2152E9651E90079595D /* SwiftUINavigationPathUpdateUITests.xctest */;
			productType = "com.apple.product-type.bundle.ui-testing";
		};
/* End PBXNativeTarget section */

/* Begin PBXProject section */
		D61CF1F62E9651E60079595D /* Project object */ = {
			isa = PBXProject;
			attributes = {
				BuildIndependentTargetsInParallel = 1;
				LastSwiftUpdateCheck = 2600;
				LastUpgradeCheck = 2600;
				TargetAttributes = {
					D61CF1FD2E9651E60079595D = {
						CreatedOnToolsVersion = 26.0.1;
					};
					D61CF20A2E9651E90079595D = {
						CreatedOnToolsVersion = 26.0.1;
						TestTargetID = D61CF1FD2E9651E60079595D;
					};
					D61CF2142E9651E90079595D = {
						CreatedOnToolsVersion = 26.0.1;
						TestTargetID = D61CF1FD2E9651E60079595D;
					};
				};
			};
			buildConfigurationList = D61CF1F92E9651E60079595D /* Build configuration list for PBXProject "SwiftUINavigationPathUpdate" */;
			developmentRegion = en;
			hasScannedForEncodings = 0;
			knownRegions = (
				en,
				Base,
			);
			mainGroup = D61CF1F52E9651E60079595D;
			minimizedProjectReferenceProxies = 1;
			preferredProjectObjectVersion = 77;
			productRefGroup = D61CF1FF2E9651E60079595D /* Products */;
			projectDirPath = "";
			projectRoot = "";
			targets = (
				D61CF1FD2E9651E60079595D /* SwiftUINavigationPathUpdate */,
				D61CF20A2E9651E90079595D /* SwiftUINavigationPathUpdateTests */,
				D61CF2142E9651E90079595D /* SwiftUINavigationPathUpdateUITests */,
			);
		};
/* End PBXProject section */

/* Begin PBXResourcesBuildPhase section */
		D61CF1FC2E9651E60079595D /* Resources */ = {
			isa = PBXResourcesBuildPhase;
			buildActionMask = 2147483647;
			files = (
			);
			runOnlyForDeploymentPostprocessing = 0;
		};
		D61CF2092E9651E90079595D /* Resources */ = {
			isa = PBXResourcesBuildPhase;
			buildActionMask = 2147483647;
			files = (
			);
			runOnlyForDeploymentPostprocessing = 0;
		};
		D61CF2132E9651E90079595D /* Resources */ = {
			isa = PBXResourcesBuildPhase;
			buildActionMask = 2147483647;
			files = (
			);
			runOnlyForDeploymentPostprocessing = 0;
		};
/* End PBXResourcesBuildPhase section */

/* Begin PBXSourcesBuildPhase section */
		D61CF1FA2E9651E60079595D /* Sources */ = {
			isa = PBXSourcesBuildPhase;
			buildActionMask = 2147483647;
			files = (
			);
			runOnlyForDeploymentPostprocessing = 0;
		};
		D61CF2072E9651E90079595D /* Sources */ = {
			isa = PBXSourcesBuildPhase;
			buildActionMask = 2147483647;
			files = (
			);
			runOnlyForDeploymentPostprocessing = 0;
		};
		D61CF2112E9651E90079595D /* Sources */ = {
			isa = PBXSourcesBuildPhase;
			buildActionMask = 2147483647;
			files = (
			);
			runOnlyForDeploymentPostprocessing = 0;
		};
/* End PBXSourcesBuildPhase section */

/* Begin PBXTargetDependency section */
		D61CF20D2E9651E90079595D /* PBXTargetDependency */ = {
			isa = PBXTargetDependency;
			target = D61CF1FD2E9651E60079595D /* SwiftUINavigationPathUpdate */;
			targetProxy = D61CF20C2E9651E90079595D /* PBXContainerItemProxy */;
		};
		D61CF2172E9651E90079595D /* PBXTargetDependency */ = {
			isa = PBXTargetDependency;
			target = D61CF1FD2E9651E60079595D /* SwiftUINavigationPathUpdate */;
			targetProxy = D61CF2162E9651E90079595D /* PBXContainerItemProxy */;
		};
/* End PBXTargetDependency section */

/* Begin XCBuildConfiguration section */
		D61CF21D2E9651E90079595D /* Debug */ = {
			isa = XCBuildConfiguration;
			buildSettings = {
				ALWAYS_SEARCH_USER_PATHS = NO;
				ASSETCATALOG_COMPILER_GENERATE_SWIFT_ASSET_SYMBOL_EXTENSIONS = YES;
				CLANG_ANALYZER_NONNULL = YES;
				CLANG_ANALYZER_NUMBER_OBJECT_CONVERSION = YES_AGGRESSIVE;
				CLANG_CXX_LANGUAGE_STANDARD = "gnu++20";
				CLANG_ENABLE_MODULES = YES;
				CLANG_ENABLE_OBJC_ARC = YES;
				CLANG_ENABLE_OBJC_WEAK = YES;
				CLANG_WARN_BLOCK_CAPTURE_AUTORELEASING = YES;
				CLANG_WARN_BOOL_CONVERSION = YES;
				CLANG_WARN_COMMA = YES;
				CLANG_WARN_CONSTANT_CONVERSION = YES;
				CLANG_WARN_DEPRECATED_OBJC_IMPLEMENTATIONS = YES;
				CLANG_WARN_DIRECT_OBJC_ISA_USAGE = YES_ERROR;
				CLANG_WARN_DOCUMENTATION_COMMENTS = YES;
				CLANG_WARN_EMPTY_BODY = YES;
				CLANG_WARN_ENUM_CONVERSION = YES;
				CLANG_WARN_INFINITE_RECURSION = YES;
				CLANG_WARN_INT_CONVERSION = YES;
				CLANG_WARN_NON_LITERAL_NULL_CONVERSION = YES;
				CLANG_WARN_OBJC_IMPLICIT_RETAIN_SELF = YES;
				CLANG_WARN_OBJC_LITERAL_CONVERSION = YES;
				CLANG_WARN_OBJC_ROOT_CLASS = YES_ERROR;
				CLANG_WARN_QUOTED_INCLUDE_IN_FRAMEWORK_HEADER = YES;
				CLANG_WARN_RANGE_LOOP_ANALYSIS = YES;
				CLANG_WARN_STRICT_PROTOTYPES = YES;
				CLANG_WARN_SUSPICIOUS_MOVE = YES;
				CLANG_WARN_UNGUARDED_AVAILABILITY = YES_AGGRESSIVE;
				CLANG_WARN_UNREACHABLE_CODE = YES;
				CLANG_WARN__DUPLICATE_METHOD_MATCH = YES;
				COPY_PHASE_STRIP = NO;
				DEBUG_INFORMATION_FORMAT = dwarf;
				ENABLE_STRICT_OBJC_MSGSEND = YES;
				ENABLE_TESTABILITY = YES;
				ENABLE_USER_SCRIPT_SANDBOXING = YES;
				GCC_C_LANGUAGE_STANDARD = gnu17;
				GCC_DYNAMIC_NO_PIC = NO;
				GCC_NO_COMMON_BLOCKS = YES;
				GCC_OPTIMIZATION_LEVEL = 0;
				GCC_PREPROCESSOR_DEFINITIONS = (
					"DEBUG=1",
					"$(inherited)",
				);
				GCC_WARN_64_TO_32_BIT_CONVERSION = YES;
				GCC_WARN_ABOUT_RETURN_TYPE = YES_ERROR;
				GCC_WARN_UNDECLARED_SELECTOR = YES;
				GCC_WARN_UNINITIALIZED_AUTOS = YES_AGGRESSIVE;
				GCC_WARN_UNUSED_FUNCTION = YES;
				GCC_WARN_UNUSED_VARIABLE = YES;
				IPHONEOS_DEPLOYMENT_TARGET = 26.0;
				LOCALIZATION_PREFERS_STRING_CATALOGS = YES;
				MTL_ENABLE_DEBUG_INFO = INCLUDE_SOURCE;
				MTL_FAST_MATH = YES;
				ONLY_ACTIVE_ARCH = YES;
				SDKROOT = iphoneos;
				SWIFT_ACTIVE_COMPILATION_CONDITIONS = "DEBUG $(inherited)";
				SWIFT_OPTIMIZATION_LEVEL = "-Onone";
			};
			name = Debug;
		};
		D61CF21E2E9651E90079595D /* Release */ = {
			isa = XCBuildConfiguration;
			buildSettings = {
				ALWAYS_SEARCH_USER_PATHS = NO;
				ASSETCATALOG_COMPILER_GENERATE_SWIFT_ASSET_SYMBOL_EXTENSIONS = YES;
				CLANG_ANALYZER_NONNULL = YES;
				CLANG_ANALYZER_NUMBER_OBJECT_CONVERSION = YES_AGGRESSIVE;
				CLANG_CXX_LANGUAGE_STANDARD = "gnu++20";
				CLANG_ENABLE_MODULES = YES;
				CLANG_ENABLE_OBJC_ARC = YES;
				CLANG_ENABLE_OBJC_WEAK = YES;
				CLANG_WARN_BLOCK_CAPTURE_AUTORELEASING = YES;
				CLANG_WARN_BOOL_CONVERSION = YES;
				CLANG_WARN_COMMA = YES;
				CLANG_WARN_CONSTANT_CONVERSION = YES;
				CLANG_WARN_DEPRECATED_OBJC_IMPLEMENTATIONS = YES;
				CLANG_WARN_DIRECT_OBJC_ISA_USAGE = YES_ERROR;
				CLANG_WARN_DOCUMENTATION_COMMENTS = YES;
				CLANG_WARN_EMPTY_BODY = YES;
				CLANG_WARN_ENUM_CONVERSION = YES;
				CLANG_WARN_INFINITE_RECURSION = YES;
				CLANG_WARN_INT_CONVERSION = YES;
				CLANG_WARN_NON_LITERAL_NULL_CONVERSION = YES;
				CLANG_WARN_OBJC_IMPLICIT_RETAIN_SELF = YES;
				CLANG_WARN_OBJC_LITERAL_CONVERSION = YES;
				CLANG_WARN_OBJC_ROOT_CLASS = YES_ERROR;
				CLANG_WARN_QUOTED_INCLUDE_IN_FRAMEWORK_HEADER = YES;
				CLANG_WARN_RANGE_LOOP_ANALYSIS = YES;
				CLANG_WARN_STRICT_PROTOTYPES = YES;
				CLANG_WARN_SUSPICIOUS_MOVE = YES;
				CLANG_WARN_UNGUARDED_AVAILABILITY = YES_AGGRESSIVE;
				CLANG_WARN_UNREACHABLE_CODE = YES;
				CLANG_WARN__DUPLICATE_METHOD_MATCH = YES;
				COPY_PHASE_STRIP = NO;
				DEBUG_INFORMATION_FORMAT = "dwarf-with-dsym";
				ENABLE_NS_ASSERTIONS = NO;
				ENABLE_STRICT_OBJC_MSGSEND = YES;
				ENABLE_USER_SCRIPT_SANDBOXING = YES;
				GCC_C_LANGUAGE_STANDARD = gnu17;
				GCC_NO_COMMON_BLOCKS = YES;
				GCC_WARN_64_TO_32_BIT_CONVERSION = YES;
				GCC_WARN_ABOUT_RETURN_TYPE = YES_ERROR;
				GCC_WARN_UNDECLARED_SELECTOR = YES;
				GCC_WARN_UNINITIALIZED_AUTOS = YES_AGGRESSIVE;
				GCC_WARN_UNUSED_FUNCTION = YES;
				GCC_WARN_UNUSED_VARIABLE = YES;
				IPHONEOS_DEPLOYMENT_TARGET = 26.0;
				LOCALIZATION_PREFERS_STRING_CATALOGS = YES;
				MTL_ENABLE_DEBUG_INFO = NO;
				MTL_FAST_MATH = YES;
				SDKROOT = iphoneos;
				SWIFT_COMPILATION_MODE = wholemodule;
				VALIDATE_PRODUCT = YES;
			};
			name = Release;
		};
		D61CF2202E9651E90079595D /* Debug */ = {
			isa = XCBuildConfiguration;
			buildSettings = {
				ASSETCATALOG_COMPILER_APPICON_NAME = AppIcon;
				ASSETCATALOG_COMPILER_GLOBAL_ACCENT_COLOR_NAME = AccentColor;
				CODE_SIGN_STYLE = Automatic;
				CURRENT_PROJECT_VERSION = 1;
				ENABLE_PREVIEWS = YES;
				GENERATE_INFOPLIST_FILE = YES;
				INFOPLIST_KEY_UIApplicationSceneManifest_Generation = YES;
				INFOPLIST_KEY_UIApplicationSupportsIndirectInputEvents = YES;
				INFOPLIST_KEY_UILaunchScreen_Generation = YES;
				INFOPLIST_KEY_UISupportedInterfaceOrientations_iPad = "UIInterfaceOrientationPortrait UIInterfaceOrientationPortraitUpsideDown UIInterfaceOrientationLandscapeLeft UIInterfaceOrientationLandscapeRight";
				INFOPLIST_KEY_UISupportedInterfaceOrientations_iPhone = "UIInterfaceOrientationPortrait UIInterfaceOrientationLandscapeLeft UIInterfaceOrientationLandscapeRight";
				LD_RUNPATH_SEARCH_PATHS = (
					"$(inherited)",
					"@executable_path/Frameworks",
				);
				MARKETING_VERSION = 1.0;
				PRODUCT_BUNDLE_IDENTIFIER = com.template.SwiftUINavigationPathUpdate;
				PRODUCT_NAME = "$(TARGET_NAME)";
				STRING_CATALOG_GENERATE_SYMBOLS = YES;
				SWIFT_APPROACHABLE_CONCURRENCY = YES;
				SWIFT_DEFAULT_ACTOR_ISOLATION = MainActor;
				SWIFT_EMIT_LOC_STRINGS = YES;
				SWIFT_UPCOMING_FEATURE_MEMBER_IMPORT_VISIBILITY = YES;
				SWIFT_VERSION = 5.0;
				TARGETED_DEVICE_FAMILY = "1,2";
			};
			name = Debug;
		};
		D61CF2212E9651E90079595D /* Release */ = {
			isa = XCBuildConfiguration;
			buildSettings = {
				ASSETCATALOG_COMPILER_APPICON_NAME = AppIcon;
				ASSETCATALOG_COMPILER_GLOBAL_ACCENT_COLOR_NAME = AccentColor;
				CODE_SIGN_STYLE = Automatic;
				CURRENT_PROJECT_VERSION = 1;
				ENABLE_PREVIEWS = YES;
				GENERATE_INFOPLIST_FILE = YES;
				INFOPLIST_KEY_UIApplicationSceneManifest_Generation = YES;
				INFOPLIST_KEY_UIApplicationSupportsIndirectInputEvents = YES;
				INFOPLIST_KEY_UILaunchScreen_Generation = YES;
				INFOPLIST_KEY_UISupportedInterfaceOrientations_iPad = "UIInterfaceOrientationPortrait UIInterfaceOrientationPortraitUpsideDown UIInterfaceOrientationLandscapeLeft UIInterfaceOrientationLandscapeRight";
				INFOPLIST_KEY_UISupportedInterfaceOrientations_iPhone = "UIInterfaceOrientationPortrait UIInterfaceOrientationLandscapeLeft UIInterfaceOrientationLandscapeRight";
				LD_RUNPATH_SEARCH_PATHS = (
					"$(inherited)",
					"@executable_path/Frameworks",
				);
				MARKETING_VERSION = 1.0;
				PRODUCT_BUNDLE_IDENTIFIER = com.template.SwiftUINavigationPathUpdate;
				PRODUCT_NAME = "$(TARGET_NAME)";
				STRING_CATALOG_GENERATE_SYMBOLS = YES;
				SWIFT_APPROACHABLE_CONCURRENCY = YES;
				SWIFT_DEFAULT_ACTOR_ISOLATION = MainActor;
				SWIFT_EMIT_LOC_STRINGS = YES;
				SWIFT_UPCOMING_FEATURE_MEMBER_IMPORT_VISIBILITY = YES;
				SWIFT_VERSION = 5.0;
				TARGETED_DEVICE_FAMILY = "1,2";
			};
			name = Release;
		};
		D61CF2232E9651E90079595D /* Debug */ = {
			isa = XCBuildConfiguration;
			buildSettings = {
				BUNDLE_LOADER = "$(TEST_HOST)";
				CODE_SIGN_STYLE = Automatic;
				CURRENT_PROJECT_VERSION = 1;
				GENERATE_INFOPLIST_FILE = YES;
				IPHONEOS_DEPLOYMENT_TARGET = 26.0;
				MARKETING_VERSION = 1.0;
				PRODUCT_BUNDLE_IDENTIFIER = com.template.SwiftUINavigationPathUpdateTests;
				PRODUCT_NAME = "$(TARGET_NAME)";
				STRING_CATALOG_GENERATE_SYMBOLS = NO;
				SWIFT_APPROACHABLE_CONCURRENCY = YES;
				SWIFT_EMIT_LOC_STRINGS = NO;
				SWIFT_UPCOMING_FEATURE_MEMBER_IMPORT_VISIBILITY = YES;
				SWIFT_VERSION = 5.0;
				TARGETED_DEVICE_FAMILY = "1,2";
				TEST_HOST = "$(BUILT_PRODUCTS_DIR)/SwiftUINavigationPathUpdate.app/$(BUNDLE_EXECUTABLE_FOLDER_PATH)/SwiftUINavigationPathUpdate";
			};
			name = Debug;
		};
		D61CF2242E9651E90079595D /* Release */ = {
			isa = XCBuildConfiguration;
			buildSettings = {
				BUNDLE_LOADER = "$(TEST_HOST)";
				CODE_SIGN_STYLE = Automatic;
				CURRENT_PROJECT_VERSION = 1;
				GENERATE_INFOPLIST_FILE = YES;
				IPHONEOS_DEPLOYMENT_TARGET = 26.0;
				MARKETING_VERSION = 1.0;
				PRODUCT_BUNDLE_IDENTIFIER = com.template.SwiftUINavigationPathUpdateTests;
				PRODUCT_NAME = "$(TARGET_NAME)";
				STRING_CATALOG_GENERATE_SYMBOLS = NO;
				SWIFT_APPROACHABLE_CONCURRENCY = YES;
				SWIFT_EMIT_LOC_STRINGS = NO;
				SWIFT_UPCOMING_FEATURE_MEMBER_IMPORT_VISIBILITY = YES;
				SWIFT_VERSION = 5.0;
				TARGETED_DEVICE_FAMILY = "1,2";
				TEST_HOST = "$(BUILT_PRODUCTS_DIR)/SwiftUINavigationPathUpdate.app/$(BUNDLE_EXECUTABLE_FOLDER_PATH)/SwiftUINavigationPathUpdate";
			};
			name = Release;
		};
		D61CF2262E9651E90079595D /* Debug */ = {
			isa = XCBuildConfiguration;
			buildSettings = {
				CODE_SIGN_STYLE = Automatic;
				CURRENT_PROJECT_VERSION = 1;
				GENERATE_INFOPLIST_FILE = YES;
				MARKETING_VERSION = 1.0;
				PRODUCT_BUNDLE_IDENTIFIER = com.template.SwiftUINavigationPathUpdateUITests;
				PRODUCT_NAME = "$(TARGET_NAME)";
				STRING_CATALOG_GENERATE_SYMBOLS = NO;
				SWIFT_APPROACHABLE_CONCURRENCY = YES;
				SWIFT_EMIT_LOC_STRINGS = NO;
				SWIFT_UPCOMING_FEATURE_MEMBER_IMPORT_VISIBILITY = YES;
				SWIFT_VERSION = 5.0;
				TARGETED_DEVICE_FAMILY = "1,2";
				TEST_TARGET_NAME = SwiftUINavigationPathUpdate;
			};
			name = Debug;
		};
		D61CF2272E9651E90079595D /* Release */ = {
			isa = XCBuildConfiguration;
			buildSettings = {
				CODE_SIGN_STYLE = Automatic;
				CURRENT_PROJECT_VERSION = 1;
				GENERATE_INFOPLIST_FILE = YES;
				MARKETING_VERSION = 1.0;
				PRODUCT_BUNDLE_IDENTIFIER = com.template.SwiftUINavigationPathUpdateUITests;
				PRODUCT_NAME = "$(TARGET_NAME)";
				STRING_CATALOG_GENERATE_SYMBOLS = NO;
				SWIFT_APPROACHABLE_CONCURRENCY = YES;
				SWIFT_EMIT_LOC_STRINGS = NO;
				SWIFT_UPCOMING_FEATURE_MEMBER_IMPORT_VISIBILITY = YES;
				SWIFT_VERSION = 5.0;
				TARGETED_DEVICE_FAMILY = "1,2";
				TEST_TARGET_NAME = SwiftUINavigationPathUpdate;
			};
			name = Release;
		};
/* End XCBuildConfiguration section */

/* Begin XCConfigurationList section */
		D61CF1F92E9651E60079595D /* Build configuration list for PBXProject "SwiftUINavigationPathUpdate" */ = {
			isa = XCConfigurationList;
			buildConfigurations = (
				D61CF21D2E9651E90079595D /* Debug */,
				D61CF21E2E9651E90079595D /* Release */,
			);
			defaultConfigurationIsVisible = 0;
			defaultConfigurationName = Release;
		};
		D61CF21F2E9651E90079595D /* Build configuration list for PBXNativeTarget "SwiftUINavigationPathUpdate" */ = {
			isa = XCConfigurationList;
			buildConfigurations = (
				D61CF2202E9651E90079595D /* Debug */,
				D61CF2212E9651E90079595D /* Release */,
			);
			defaultConfigurationIsVisible = 0;
			defaultConfigurationName = Release;
		};
		D61CF2222E9651E90079595D /* Build configuration list for PBXNativeTarget "SwiftUINavigationPathUpdateTests" */ = {
			isa = XCConfigurationList;
			buildConfigurations = (
				D61CF2232E9651E90079595D /* Debug */,
				D61CF2242E9651E90079595D /* Release */,
			);
			defaultConfigurationIsVisible = 0;
			defaultConfigurationName = Release;
		};
		D61CF2252E9651E90079595D /* Build configuration list for PBXNativeTarget "SwiftUINavigationPathUpdateUITests" */ = {
			isa = XCConfigurationList;
			buildConfigurations = (
				D61CF2262E9651E90079595D /* Debug */,
				D61CF2272E9651E90079595D /* Release */,
			);
			defaultConfigurationIsVisible = 0;
			defaultConfigurationName = Release;
		};
/* End XCConfigurationList section */
	};
	rootObject = D61CF1F62E9651E60079595D /* Project object */;
}
